// !$*UTF8*$!
{
	archiveVersion = 1;
	classes = {
	};
	objectVersion = 48;
	objects = {

/* Begin PBXBuildFile section */
		551217802061CEC7006F2200 /* AppDelegate.swift in Sources */ = {isa = PBXBuildFile; fileRef = 5512177F2061CEC7006F2200 /* AppDelegate.swift */; };
		551217852061CEC7006F2200 /* Main.storyboard in Resources */ = {isa = PBXBuildFile; fileRef = 551217832061CEC7006F2200 /* Main.storyboard */; };
		551217872061CEC7006F2200 /* Assets.xcassets in Resources */ = {isa = PBXBuildFile; fileRef = 551217862061CEC7006F2200 /* Assets.xcassets */; };
		5512178A2061CEC7006F2200 /* LaunchScreen.storyboard in Resources */ = {isa = PBXBuildFile; fileRef = 551217882061CEC7006F2200 /* LaunchScreen.storyboard */; };
		5512179220630DDB006F2200 /* BooksTableViewController.swift in Sources */ = {isa = PBXBuildFile; fileRef = 5512179120630DDB006F2200 /* BooksTableViewController.swift */; };
		5512179520631A3F006F2200 /* BookDetails.swift in Sources */ = {isa = PBXBuildFile; fileRef = 5512179420631A3F006F2200 /* BookDetails.swift */; };
		5512179820637145006F2200 /* BooksTableViewCell.swift in Sources */ = {isa = PBXBuildFile; fileRef = 5512179720637145006F2200 /* BooksTableViewCell.swift */; };
		5512179B2063781A006F2200 /* AddNewBookViewController.swift in Sources */ = {isa = PBXBuildFile; fileRef = 5512179A2063781A006F2200 /* AddNewBookViewController.swift */; };
		5512179D20640C44006F2200 /* BookDetailsViewController.swift in Sources */ = {isa = PBXBuildFile; fileRef = 5512179C20640C44006F2200 /* BookDetailsViewController.swift */; };
		551217A020643B08006F2200 /* StyledButtons.swift in Sources */ = {isa = PBXBuildFile; fileRef = 5512179F20643B08006F2200 /* StyledButtons.swift */; };
		551217A620658852006F2200 /* DateFormatter+Util.swift in Sources */ = {isa = PBXBuildFile; fileRef = 551217A520658852006F2200 /* DateFormatter+Util.swift */; };
		551217A82065E23E006F2200 /* CheckoutViewController.swift in Sources */ = {isa = PBXBuildFile; fileRef = 551217A72065E23E006F2200 /* CheckoutViewController.swift */; };
		551217AA2065E87F006F2200 /* UIView+Utils.swift in Sources */ = {isa = PBXBuildFile; fileRef = 551217A92065E87F006F2200 /* UIView+Utils.swift */; };
/* End PBXBuildFile section */

/* Begin PBXFileReference section */
		5512177C2061CEC7006F2200 /* Prolific Interactive.app */ = {isa = PBXFileReference; explicitFileType = wrapper.application; includeInIndex = 0; path = "Prolific Interactive.app"; sourceTree = BUILT_PRODUCTS_DIR; };
		5512177F2061CEC7006F2200 /* AppDelegate.swift */ = {isa = PBXFileReference; lastKnownFileType = sourcecode.swift; path = AppDelegate.swift; sourceTree = "<group>"; };
		551217842061CEC7006F2200 /* Base */ = {isa = PBXFileReference; lastKnownFileType = file.storyboard; name = Base; path = Base.lproj/Main.storyboard; sourceTree = "<group>"; };
		551217862061CEC7006F2200 /* Assets.xcassets */ = {isa = PBXFileReference; lastKnownFileType = folder.assetcatalog; path = Assets.xcassets; sourceTree = "<group>"; };
		551217892061CEC7006F2200 /* Base */ = {isa = PBXFileReference; lastKnownFileType = file.storyboard; name = Base; path = Base.lproj/LaunchScreen.storyboard; sourceTree = "<group>"; };
		5512178B2061CEC7006F2200 /* Info.plist */ = {isa = PBXFileReference; lastKnownFileType = text.plist.xml; path = Info.plist; sourceTree = "<group>"; };
		5512179120630DDB006F2200 /* BooksTableViewController.swift */ = {isa = PBXFileReference; lastKnownFileType = sourcecode.swift; path = BooksTableViewController.swift; sourceTree = "<group>"; };
		5512179420631A3F006F2200 /* BookDetails.swift */ = {isa = PBXFileReference; lastKnownFileType = sourcecode.swift; path = BookDetails.swift; sourceTree = "<group>"; };
		5512179720637145006F2200 /* BooksTableViewCell.swift */ = {isa = PBXFileReference; lastKnownFileType = sourcecode.swift; path = BooksTableViewCell.swift; sourceTree = "<group>"; };
		5512179A2063781A006F2200 /* AddNewBookViewController.swift */ = {isa = PBXFileReference; lastKnownFileType = sourcecode.swift; path = AddNewBookViewController.swift; sourceTree = "<group>"; };
		5512179C20640C44006F2200 /* BookDetailsViewController.swift */ = {isa = PBXFileReference; lastKnownFileType = sourcecode.swift; path = BookDetailsViewController.swift; sourceTree = "<group>"; };
		5512179F20643B08006F2200 /* StyledButtons.swift */ = {isa = PBXFileReference; lastKnownFileType = sourcecode.swift; path = StyledButtons.swift; sourceTree = "<group>"; };
		551217A520658852006F2200 /* DateFormatter+Util.swift */ = {isa = PBXFileReference; lastKnownFileType = sourcecode.swift; path = "DateFormatter+Util.swift"; sourceTree = "<group>"; };
		551217A72065E23E006F2200 /* CheckoutViewController.swift */ = {isa = PBXFileReference; lastKnownFileType = sourcecode.swift; path = CheckoutViewController.swift; sourceTree = "<group>"; };
		551217A92065E87F006F2200 /* UIView+Utils.swift */ = {isa = PBXFileReference; lastKnownFileType = sourcecode.swift; path = "UIView+Utils.swift"; sourceTree = "<group>"; };
/* End PBXFileReference section */

/* Begin PBXFrameworksBuildPhase section */
		551217792061CEC7006F2200 /* Frameworks */ = {
			isa = PBXFrameworksBuildPhase;
			buildActionMask = 2147483647;
			files = (
			);
			runOnlyForDeploymentPostprocessing = 0;
		};
/* End PBXFrameworksBuildPhase section */

/* Begin PBXGroup section */
		551217732061CEC7006F2200 = {
			isa = PBXGroup;
			children = (
				5512177E2061CEC7006F2200 /* Prolific Interactive */,
				5512177D2061CEC7006F2200 /* Products */,
			);
			sourceTree = "<group>";
		};
		5512177D2061CEC7006F2200 /* Products */ = {
			isa = PBXGroup;
			children = (
				5512177C2061CEC7006F2200 /* Prolific Interactive.app */,
			);
			name = Products;
			sourceTree = "<group>";
		};
		5512177E2061CEC7006F2200 /* Prolific Interactive */ = {
			isa = PBXGroup;
			children = (
				551217A12064B19F006F2200 /* NetworkManager */,
				5512179E20643AEC006F2200 /* Extensions */,
				5512179920637803006F2200 /* Controllers */,
				5512179620637128006F2200 /* View */,
				5512179320631A2F006F2200 /* Model */,
				5512177F2061CEC7006F2200 /* AppDelegate.swift */,
				551217832061CEC7006F2200 /* Main.storyboard */,
				551217862061CEC7006F2200 /* Assets.xcassets */,
				551217882061CEC7006F2200 /* LaunchScreen.storyboard */,
				5512178B2061CEC7006F2200 /* Info.plist */,
			);
			path = "Prolific Interactive";
			sourceTree = "<group>";
		};
		5512179320631A2F006F2200 /* Model */ = {
			isa = PBXGroup;
			children = (
				5512179420631A3F006F2200 /* BookDetails.swift */,
			);
			path = Model;
			sourceTree = "<group>";
		};
		5512179620637128006F2200 /* View */ = {
			isa = PBXGroup;
			children = (
				5512179720637145006F2200 /* BooksTableViewCell.swift */,
			);
			path = View;
			sourceTree = "<group>";
		};
		5512179920637803006F2200 /* Controllers */ = {
			isa = PBXGroup;
			children = (
				5512179A2063781A006F2200 /* AddNewBookViewController.swift */,
				5512179120630DDB006F2200 /* BooksTableViewController.swift */,
				5512179C20640C44006F2200 /* BookDetailsViewController.swift */,
				551217A72065E23E006F2200 /* CheckoutViewController.swift */,
			);
			path = Controllers;
			sourceTree = "<group>";
		};
		5512179E20643AEC006F2200 /* Extensions */ = {
			isa = PBXGroup;
			children = (
				5512179F20643B08006F2200 /* StyledButtons.swift */,
				551217A520658852006F2200 /* DateFormatter+Util.swift */,
				551217A92065E87F006F2200 /* UIView+Utils.swift */,
			);
			path = Extensions;
			sourceTree = "<group>";
		};
		551217A12064B19F006F2200 /* NetworkManager */ = {
			isa = PBXGroup;
			children = (
			);
			path = NetworkManager;
			sourceTree = "<group>";
		};
/* End PBXGroup section */

/* Begin PBXNativeTarget section */
		5512177B2061CEC7006F2200 /* Prolific Interactive */ = {
			isa = PBXNativeTarget;
			buildConfigurationList = 5512178E2061CEC7006F2200 /* Build configuration list for PBXNativeTarget "Prolific Interactive" */;
			buildPhases = (
				551217782061CEC7006F2200 /* Sources */,
				551217792061CEC7006F2200 /* Frameworks */,
				5512177A2061CEC7006F2200 /* Resources */,
			);
			buildRules = (
			);
			dependencies = (
			);
			name = "Prolific Interactive";
			productName = "Prolific Interactive";
			productReference = 5512177C2061CEC7006F2200 /* Prolific Interactive.app */;
			productType = "com.apple.product-type.application";
		};
/* End PBXNativeTarget section */

/* Begin PBXProject section */
		551217742061CEC7006F2200 /* Project object */ = {
			isa = PBXProject;
			attributes = {
				LastSwiftUpdateCheck = 0920;
				LastUpgradeCheck = 0920;
				ORGANIZATIONNAME = "Pranav Bhandari";
				TargetAttributes = {
					5512177B2061CEC7006F2200 = {
						CreatedOnToolsVersion = 9.2;
						ProvisioningStyle = Automatic;
					};
				};
			};
			buildConfigurationList = 551217772061CEC7006F2200 /* Build configuration list for PBXProject "Prolific Interactive" */;
			compatibilityVersion = "Xcode 8.0";
			developmentRegion = en;
			hasScannedForEncodings = 0;
			knownRegions = (
				en,
				Base,
			);
			mainGroup = 551217732061CEC7006F2200;
			productRefGroup = 5512177D2061CEC7006F2200 /* Products */;
			projectDirPath = "";
			projectRoot = "";
			targets = (
				5512177B2061CEC7006F2200 /* Prolific Interactive */,
			);
		};
/* End PBXProject section */

/* Begin PBXResourcesBuildPhase section */
		5512177A2061CEC7006F2200 /* Resources */ = {
			isa = PBXResourcesBuildPhase;
			buildActionMask = 2147483647;
			files = (
				5512178A2061CEC7006F2200 /* LaunchScreen.storyboard in Resources */,
				551217872061CEC7006F2200 /* Assets.xcassets in Resources */,
				551217852061CEC7006F2200 /* Main.storyboard in Resources */,
			);
			runOnlyForDeploymentPostprocessing = 0;
		};
/* End PBXResourcesBuildPhase section */

/* Begin PBXSourcesBuildPhase section */
		551217782061CEC7006F2200 /* Sources */ = {
			isa = PBXSourcesBuildPhase;
			buildActionMask = 2147483647;
			files = (
				5512179820637145006F2200 /* BooksTableViewCell.swift in Sources */,
				5512179220630DDB006F2200 /* BooksTableViewController.swift in Sources */,
				551217AA2065E87F006F2200 /* UIView+Utils.swift in Sources */,
				551217A020643B08006F2200 /* StyledButtons.swift in Sources */,
				551217802061CEC7006F2200 /* AppDelegate.swift in Sources */,
				5512179B2063781A006F2200 /* AddNewBookViewController.swift in Sources */,
				5512179D20640C44006F2200 /* BookDetailsViewController.swift in Sources */,
				551217A620658852006F2200 /* DateFormatter+Util.swift in Sources */,
				551217A82065E23E006F2200 /* CheckoutViewController.swift in Sources */,
				5512179520631A3F006F2200 /* BookDetails.swift in Sources */,
			);
			runOnlyForDeploymentPostprocessing = 0;
		};
/* End PBXSourcesBuildPhase section */

/* Begin PBXVariantGroup section */
		551217832061CEC7006F2200 /* Main.storyboard */ = {
			isa = PBXVariantGroup;
			children = (
				551217842061CEC7006F2200 /* Base */,
			);
			name = Main.storyboard;
			sourceTree = "<group>";
		};
		551217882061CEC7006F2200 /* LaunchScreen.storyboard */ = {
			isa = PBXVariantGroup;
			children = (
				551217892061CEC7006F2200 /* Base */,
			);
			name = LaunchScreen.storyboard;
			sourceTree = "<group>";
		};
/* End PBXVariantGroup section */

/* Begin XCBuildConfiguration section */
		5512178C2061CEC7006F2200 /* Debug */ = {
			isa = XCBuildConfiguration;
			buildSettings = {
				ALWAYS_SEARCH_USER_PATHS = NO;
				CLANG_ANALYZER_NONNULL = YES;
				CLANG_ANALYZER_NUMBER_OBJECT_CONVERSION = YES_AGGRESSIVE;
				CLANG_CXX_LANGUAGE_STANDARD = "gnu++14";
				CLANG_CXX_LIBRARY = "libc++";
				CLANG_ENABLE_MODULES = YES;
				CLANG_ENABLE_OBJC_ARC = YES;
				CLANG_WARN_BLOCK_CAPTURE_AUTORELEASING = YES;
				CLANG_WARN_BOOL_CONVERSION = YES;
				CLANG_WARN_COMMA = YES;
				CLANG_WARN_CONSTANT_CONVERSION = YES;
				CLANG_WARN_DIRECT_OBJC_ISA_USAGE = YES_ERROR;
				CLANG_WARN_DOCUMENTATION_COMMENTS = YES;
				CLANG_WARN_EMPTY_BODY = YES;
				CLANG_WARN_ENUM_CONVERSION = YES;
				CLANG_WARN_INFINITE_RECURSION = YES;
				CLANG_WARN_INT_CONVERSION = YES;
				CLANG_WARN_NON_LITERAL_NULL_CONVERSION = YES;
				CLANG_WARN_OBJC_LITERAL_CONVERSION = YES;
				CLANG_WARN_OBJC_ROOT_CLASS = YES_ERROR;
				CLANG_WARN_RANGE_LOOP_ANALYSIS = YES;
				CLANG_WARN_STRICT_PROTOTYPES = YES;
				CLANG_WARN_SUSPICIOUS_MOVE = YES;
				CLANG_WARN_UNGUARDED_AVAILABILITY = YES_AGGRESSIVE;
				CLANG_WARN_UNREACHABLE_CODE = YES;
				CLANG_WARN__DUPLICATE_METHOD_MATCH = YES;
				CODE_SIGN_IDENTITY = "iPhone Developer";
				COPY_PHASE_STRIP = NO;
				DEBUG_INFORMATION_FORMAT = dwarf;
				ENABLE_STRICT_OBJC_MSGSEND = YES;
				ENABLE_TESTABILITY = YES;
				GCC_C_LANGUAGE_STANDARD = gnu11;
				GCC_DYNAMIC_NO_PIC = NO;
				GCC_NO_COMMON_BLOCKS = YES;
				GCC_OPTIMIZATION_LEVEL = 0;
				GCC_PREPROCESSOR_DEFINITIONS = (
					"DEBUG=1",
					"$(inherited)",
				);
				GCC_WARN_64_TO_32_BIT_CONVERSION = YES;
				GCC_WARN_ABOUT_RETURN_TYPE = YES_ERROR;
				GCC_WARN_UNDECLARED_SELECTOR = YES;
				GCC_WARN_UNINITIALIZED_AUTOS = YES_AGGRESSIVE;
				GCC_WARN_UNUSED_FUNCTION = YES;
				GCC_WARN_UNUSED_VARIABLE = YES;
				IPHONEOS_DEPLOYMENT_TARGET = 11.2;
				MTL_ENABLE_DEBUG_INFO = YES;
				ONLY_ACTIVE_ARCH = YES;
				SDKROOT = iphoneos;
				SWIFT_ACTIVE_COMPILATION_CONDITIONS = DEBUG;
				SWIFT_OPTIMIZATION_LEVEL = "-Onone";
			};
			name = Debug;
		};
		5512178D2061CEC7006F2200 /* Release */ = {
			isa = XCBuildConfiguration;
			buildSettings = {
				ALWAYS_SEARCH_USER_PATHS = NO;
				CLANG_ANALYZER_NONNULL = YES;
				CLANG_ANALYZER_NUMBER_OBJECT_CONVERSION = YES_AGGRESSIVE;
				CLANG_CXX_LANGUAGE_STANDARD = "gnu++14";
				CLANG_CXX_LIBRARY = "libc++";
				CLANG_ENABLE_MODULES = YES;
				CLANG_ENABLE_OBJC_ARC = YES;
				CLANG_WARN_BLOCK_CAPTURE_AUTORELEASING = YES;
				CLANG_WARN_BOOL_CONVERSION = YES;
				CLANG_WARN_COMMA = YES;
				CLANG_WARN_CONSTANT_CONVERSION = YES;
				CLANG_WARN_DIRECT_OBJC_ISA_USAGE = YES_ERROR;
				CLANG_WARN_DOCUMENTATION_COMMENTS = YES;
				CLANG_WARN_EMPTY_BODY = YES;
				CLANG_WARN_ENUM_CONVERSION = YES;
				CLANG_WARN_INFINITE_RECURSION = YES;
				CLANG_WARN_INT_CONVERSION = YES;
				CLANG_WARN_NON_LITERAL_NULL_CONVERSION = YES;
				CLANG_WARN_OBJC_LITERAL_CONVERSION = YES;
				CLANG_WARN_OBJC_ROOT_CLASS = YES_ERROR;
				CLANG_WARN_RANGE_LOOP_ANALYSIS = YES;
				CLANG_WARN_STRICT_PROTOTYPES = YES;
				CLANG_WARN_SUSPICIOUS_MOVE = YES;
				CLANG_WARN_UNGUARDED_AVAILABILITY = YES_AGGRESSIVE;
				CLANG_WARN_UNREACHABLE_CODE = YES;
				CLANG_WARN__DUPLICATE_METHOD_MATCH = YES;
				CODE_SIGN_IDENTITY = "iPhone Developer";
				COPY_PHASE_STRIP = NO;
				DEBUG_INFORMATION_FORMAT = "dwarf-with-dsym";
				ENABLE_NS_ASSERTIONS = NO;
				ENABLE_STRICT_OBJC_MSGSEND = YES;
				GCC_C_LANGUAGE_STANDARD = gnu11;
				GCC_NO_COMMON_BLOCKS = YES;
				GCC_WARN_64_TO_32_BIT_CONVERSION = YES;
				GCC_WARN_ABOUT_RETURN_TYPE = YES_ERROR;
				GCC_WARN_UNDECLARED_SELECTOR = YES;
				GCC_WARN_UNINITIALIZED_AUTOS = YES_AGGRESSIVE;
				GCC_WARN_UNUSED_FUNCTION = YES;
				GCC_WARN_UNUSED_VARIABLE = YES;
				IPHONEOS_DEPLOYMENT_TARGET = 11.2;
				MTL_ENABLE_DEBUG_INFO = NO;
				SDKROOT = iphoneos;
				SWIFT_OPTIMIZATION_LEVEL = "-Owholemodule";
				VALIDATE_PRODUCT = YES;
			};
			name = Release;
		};
		5512178F2061CEC7006F2200 /* Debug */ = {
			isa = XCBuildConfiguration;
			buildSettings = {
				ASSETCATALOG_COMPILER_APPICON_NAME = AppIcon;
				CODE_SIGN_STYLE = Automatic;
				DEVELOPMENT_TEAM = 73Y8265G8H;
				INFOPLIST_FILE = "Prolific Interactive/Info.plist";
				LD_RUNPATH_SEARCH_PATHS = "$(inherited) @executable_path/Frameworks";
				PRODUCT_BUNDLE_IDENTIFIER = "Pranav.Prolific-Interactive";
				PRODUCT_NAME = "$(TARGET_NAME)";
				SWIFT_VERSION = 4.0;
				TARGETED_DEVICE_FAMILY = "1,2";
			};
			name = Debug;
		};
		551217902061CEC7006F2200 /* Release */ = {
			isa = XCBuildConfiguration;
			buildSettings = {
				ASSETCATALOG_COMPILER_APPICON_NAME = AppIcon;
				CODE_SIGN_STYLE = Automatic;
				DEVELOPMENT_TEAM = 73Y8265G8H;
				INFOPLIST_FILE = "Prolific Interactive/Info.plist";
				LD_RUNPATH_SEARCH_PATHS = "$(inherited) @executable_path/Frameworks";
				PRODUCT_BUNDLE_IDENTIFIER = "Pranav.Prolific-Interactive";
				PRODUCT_NAME = "$(TARGET_NAME)";
				SWIFT_VERSION = 4.0;
				TARGETED_DEVICE_FAMILY = "1,2";
			};
			name = Release;
		};
/* End XCBuildConfiguration section */

/* Begin XCConfigurationList section */
		551217772061CEC7006F2200 /* Build configuration list for PBXProject "Prolific Interactive" */ = {
			isa = XCConfigurationList;
			buildConfigurations = (
				5512178C2061CEC7006F2200 /* Debug */,
				5512178D2061CEC7006F2200 /* Release */,
			);
			defaultConfigurationIsVisible = 0;
			defaultConfigurationName = Release;
		};
		5512178E2061CEC7006F2200 /* Build configuration list for PBXNativeTarget "Prolific Interactive" */ = {
			isa = XCConfigurationList;
			buildConfigurations = (
				5512178F2061CEC7006F2200 /* Debug */,
				551217902061CEC7006F2200 /* Release */,
			);
			defaultConfigurationIsVisible = 0;
			defaultConfigurationName = Release;
		};
/* End XCConfigurationList section */
	};
	rootObject = 551217742061CEC7006F2200 /* Project object */;
}
